
Microsoft Visual Studio Solution File, Format Version 12.00
# Visual Studio Version 17
VisualStudioVersion = 17.4.33103.184
MinimumVisualStudioVersion = 10.0.40219.1
Project("{FAE04EC0-301F-11D3-BF4B-00C04F79EFBC}") = "multiplication-table", "multiplication-table\multiplication-table.csproj", "{DB948B54-9D46-4741-B239-23655CE75DA5}"
EndProject
Global
	GlobalSection(SolutionConfigurationPlatforms) = preSolution
		Debug|Any CPU = Debug|Any CPU
		Release|Any CPU = Release|Any CPU
	EndGlobalSection
	GlobalSection(ProjectConfigurationPlatforms) = postSolution
		{DB948B54-9D46-4741-B239-23655CE75DA5}.Debug|Any CPU.ActiveCfg = Debug|Any CPU
		{DB948B54-9D46-4741-B239-23655CE75DA5}.Debug|Any CPU.Build.0 = Debug|Any CPU
		{DB948B54-9D46-4741-B239-23655CE75DA5}.Release|Any CPU.ActiveCfg = Release|Any CPU
		{DB948B54-9D46-4741-B239-23655CE75DA5}.Release|Any CPU.Build.0 = Release|Any CPU
	EndGlobalSection
	GlobalSection(SolutionProperties) = preSolution
		HideSolutionNode = FALSE
	EndGlobalSection
	GlobalSection(ExtensibilityGlobals) = postSolution
		SolutionGuid = {790B58E8-D3B1-4B14-9A86-10D751EE22D3}
	EndGlobalSection
EndGlobal
